Microsoft Visual Studio Solution File, Format Version 12.00
# Visual Studio Version 18
VisualStudioVersion = 18.3.11520.95
MinimumVisualStudioVersion = 10.0.40219.1
Project("{2150E333-8FDC-42A3-9474-1A3956D46DE8}") = "_globals", "_globals", "{B9EE65BA-F4E5-4FA3-A469-55EB6F8DB6EF}"
	ProjectSection(SolutionItems) = preProject
		Directory.Build.props = Directory.Build.props
		Directory.Build.targets = Directory.Build.targets
		Directory.Packages.props = Directory.Packages.props
		testconfig.json = testconfig.json
		xsdk.runsettings = xsdk.runsettings
	EndProjectSection
EndProject
Project("{2150E333-8FDC-42A3-9474-1A3956D46DE8}") = "libs", "libs", "{428CC531-D0C3-475C-ADF1-4823DD90A49F}"
EndProject
Project("{2150E333-8FDC-42A3-9474-1A3956D46DE8}") = "demos", "demos", "{24BCD6B4-C965-4F23-AABD-5B6CBAA21A36}"
	ProjectSection(SolutionItems) = preProject
		demos\Directory.Build.props = demos\Directory.Build.props
		demos\Directory.Build.targets = demos\Directory.Build.targets
	EndProjectSection
EndProject
Project("{2150E333-8FDC-42A3-9474-1A3956D46DE8}") = "host", "host", "{B5C32B03-74E0-4946-A33B-53C54CF4B7B7}"
EndProject
Project("{2150E333-8FDC-42A3-9474-1A3956D46DE8}") = "webapi", "webapi", "{BDA9654F-3F8B-43D5-AC08-F6FC78472136}"
EndProject
Project("{2150E333-8FDC-42A3-9474-1A3956D46DE8}") = "Core", "Core", "{9C6309E2-5648-4297-AF76-2C6659EFAAF4}"
EndProject
Project("{2150E333-8FDC-42A3-9474-1A3956D46DE8}") = "Data", "Data", "{6FE5E729-2235-4E27-93C4-202875459083}"
EndProject
Project("{2150E333-8FDC-42A3-9474-1A3956D46DE8}") = "Extensions", "Extensions", "{FF388FAE-081B-4CE1-9E5A-68EE75EA1CBC}"
EndProject
Project("{FAE04EC0-301F-11D3-BF4B-00C04F79EFBC}") = "xSdk.Data", "libs\xSdk.Data\src\xSdk.Data.csproj", "{398E2D47-441A-4117-B812-17B7A989F445}"
EndProject
Project("{FAE04EC0-301F-11D3-BF4B-00C04F79EFBC}") = "xSdk.Data.FlatFile", "libs\xSdk.Data.FlatFile\src\xSdk.Data.FlatFile.csproj", "{2160F6BE-22AB-4072-AB46-B9C504CAA305}"
EndProject
Project("{FAE04EC0-301F-11D3-BF4B-00C04F79EFBC}") = "xSdk.Data.EntityFramework", "libs\xSdk.Data.EntityFramework\src\xSdk.Data.EntityFramework.csproj", "{EC286A05-E3F7-47D1-849B-9CF7D11B3890}"
EndProject
Project("{FAE04EC0-301F-11D3-BF4B-00C04F79EFBC}") = "Host", "demos\webapi\host\Host.csproj", "{8FA01CA7-A2B0-4D46-8EFB-F251B2196BAD}"
EndProject
Project("{FAE04EC0-301F-11D3-BF4B-00C04F79EFBC}") = "Host", "demos\host\host\Host.csproj", "{ABA91A38-98D9-4809-BB71-ADA9665463C3}"
EndProject
Project("{FAE04EC0-301F-11D3-BF4B-00C04F79EFBC}") = "Shared", "demos\datalayer\shared\Shared.csproj", "{5ADA9914-AFC0-4E56-9410-D9A2DE7FCB02}"
EndProject
Project("{2150E333-8FDC-42A3-9474-1A3956D46DE8}") = "datalayer", "datalayer", "{F619CF26-65CB-4E60-8DD2-72E174839FCD}"
EndProject
Project("{2150E333-8FDC-42A3-9474-1A3956D46DE8}") = "plugin", "plugin", "{2853C73C-9312-4D8A-A2DA-B624E868FED4}"
EndProject
Project("{FAE04EC0-301F-11D3-BF4B-00C04F79EFBC}") = "Host", "demos\plugin\host\Host.csproj", "{2211A7F7-BC06-4110-A286-33AA0F5A04D2}"
EndProject
Project("{FAE04EC0-301F-11D3-BF4B-00C04F79EFBC}") = "Plugin", "demos\plugin\plugin\Plugin.csproj", "{130F3203-E031-4A9B-81EA-97E974978A33}"
EndProject
Project("{2150E333-8FDC-42A3-9474-1A3956D46DE8}") = "console", "console", "{DA7FFC51-C7FB-473F-B855-DC1170B069B0}"
EndProject
Project("{FAE04EC0-301F-11D3-BF4B-00C04F79EFBC}") = "Host", "demos\console\host\Host.csproj", "{A27FBB1F-7B93-4093-AC3D-49F0073457BF}"
EndProject
Project("{FAE04EC0-301F-11D3-BF4B-00C04F79EFBC}") = "xSdk.Data.EntityFramework.MongoDB", "libs\xSdk.Data.EntityFramework.MongoDB\src\xSdk.Data.EntityFramework.MongoDB.csproj", "{8D86FB99-E0B5-430F-B57E-57C1118D0CFF}"
EndProject
Project("{FAE04EC0-301F-11D3-BF4B-00C04F79EFBC}") = "xSdk", "libs\xSdk\src\xSdk.csproj", "{D49489F5-B855-41FF-8FAB-685590A2B535}"
EndProject
Project("{FAE04EC0-301F-11D3-BF4B-00C04F79EFBC}") = "xSdk.Tests", "libs\xSdk\tests\xSdk.Tests.csproj", "{0B78B248-8886-44ED-A1DD-C048D314B833}"
EndProject
Project("{FAE04EC0-301F-11D3-BF4B-00C04F79EFBC}") = "xSdk.Extensions.AspNetCore", "libs\xSdk.Extensions.AspNetCore\src\xSdk.Extensions.AspNetCore.csproj", "{1646EA9A-3D43-40E1-95C8-E749BDD5CA87}"
EndProject
Project("{FAE04EC0-301F-11D3-BF4B-00C04F79EFBC}") = "xSdk.Extensions.CloudEvents", "libs\xSdk.Extensions.CloudEvents\src\xSdk.Extensions.CloudEvents.csproj", "{4D32F769-9038-4364-9396-8616B8E6FD47}"
EndProject
Project("{FAE04EC0-301F-11D3-BF4B-00C04F79EFBC}") = "xSdk.Core", "libs\xSdk.Core\src\xSdk.Core.csproj", "{3AEC1FCB-5EA9-4F74-B2A1-8A0C9A7B6102}"
EndProject
Project("{FAE04EC0-301F-11D3-BF4B-00C04F79EFBC}") = "xSdk.Data.EntityFramework.Tests", "libs\xSdk.Data.EntityFramework\tests\xSdk.Data.EntityFramework.Tests.csproj", "{1FCB90B5-C30E-4112-AB51-EFFF0056B654}"
EndProject
Project("{FAE04EC0-301F-11D3-BF4B-00C04F79EFBC}") = "xSdk.Data.EntityFramework.MongoDB.Tests", "libs\xSdk.Data.EntityFramework.MongoDB\tests\xSdk.Data.EntityFramework.MongoDB.Tests.csproj", "{0D21F833-FC68-4930-92D6-0EA56812200B}"
EndProject
Project("{FAE04EC0-301F-11D3-BF4B-00C04F79EFBC}") = "xSdk.Data.Tests", "libs\xSdk.Data\tests\xSdk.Data.Tests.csproj", "{FFBF3BB8-D410-4EEA-BB02-7ACBBA3A8357}"
EndProject
Project("{FAE04EC0-301F-11D3-BF4B-00C04F79EFBC}") = "xSdk.Extensions.AspNetCore.Tests", "libs\xSdk.Extensions.AspNetCore\tests\xSdk.Extensions.AspNetCore.Tests.csproj", "{6D18A43A-CDB5-47D9-8A1A-683036BAEF8B}"
EndProject
Project("{FAE04EC0-301F-11D3-BF4B-00C04F79EFBC}") = "xSdk.Data.FlatFile.Tests", "libs\xSdk.Data.FlatFile\tests\xSdk.Data.FlatFile.Tests.csproj", "{EEB4F941-0640-4251-A8D7-47113148D15C}"
EndProject
Project("{FAE04EC0-301F-11D3-BF4B-00C04F79EFBC}") = "xSdk.Extensions.AspNetCore.Links", "libs\xSdk.Extensions.AspNetCore.Links\src\xSdk.Extensions.AspNetCore.Links.csproj", "{E3AD9B58-D573-4AF6-A484-D3F2E6C32AAC}"
EndProject
Project("{FAE04EC0-301F-11D3-BF4B-00C04F79EFBC}") = "xSdk.Extensions.AspNetCore.Links.Tests", "libs\xSdk.Extensions.AspNetCore.Links\tests\xSdk.Extensions.AspNetCore.Links.Tests.csproj", "{A842FE8A-69D3-4632-AA03-194748E4318C}"
EndProject
Project("{FAE04EC0-301F-11D3-BF4B-00C04F79EFBC}") = "xSdk.Data.Vault", "libs\xSdk.Data.Vault\src\xSdk.Data.Vault.csproj", "{B7C4015A-AD4B-4A63-AC3E-47B4197BCBD5}"
EndProject
Project("{FAE04EC0-301F-11D3-BF4B-00C04F79EFBC}") = "xSdk.Data.Vault.Tests", "libs\xSdk.Data.Vault\tests\xSdk.Data.Vault.Tests.csproj", "{9C35A693-B1A4-2C50-F9D3-72F1A503146C}"
EndProject
Project("{2150E333-8FDC-42A3-9474-1A3956D46DE8}") = "telemetry", "telemetry", "{9892091D-941A-426D-8F90-4AB032727CEE}"
EndProject
Project("{FAE04EC0-301F-11D3-BF4B-00C04F79EFBC}") = "Host", "demos\telemetry\host\Host.csproj", "{31310438-E3D0-4861-9996-D4B24A8FF3F1}"
EndProject
Project("{FAE04EC0-301F-11D3-BF4B-00C04F79EFBC}") = "xSdk.Core.Tests", "libs\xSdk.Core\tests\xSdk.Core.Tests.csproj", "{13753187-3110-9BA0-5A86-C7B09223E62D}"
EndProject
Project("{FAE04EC0-301F-11D3-BF4B-00C04F79EFBC}") = "xSdk.Extensions.CloudEvents.Tests", "libs\xSdk.Extensions.CloudEvents\tests\xSdk.Extensions.CloudEvents.Tests.csproj", "{2A12887B-139F-EC24-8122-EED09CD80EB3}"
EndProject
Project("{FAE04EC0-301F-11D3-BF4B-00C04F79EFBC}") = "xSdk.Extensions.Commands.Tests", "libs\xSdk.Extensions.Commands\tests\xSdk.Extensions.Commands.Tests.csproj", "{2AADB9C0-E24F-8A2A-B519-6290E5A2EB77}"
EndProject
Project("{FAE04EC0-301F-11D3-BF4B-00C04F79EFBC}") = "xSdk.Extensions.Commands", "libs\xSdk.Extensions.Commands\src\xSdk.Extensions.Commands.csproj", "{CE2CCD4E-A9FE-43D7-8E1D-1848759AC45F}"
EndProject
Project("{2150E333-8FDC-42A3-9474-1A3956D46DE8}") = "ai", "ai", "{055EF480-D076-4C53-9CA4-49A7DBE66D37}"
EndProject
Project("{FAE04EC0-301F-11D3-BF4B-00C04F79EFBC}") = "Agents", "demos\ai\host\Agents.csproj", "{3D0664B0-6587-4316-AE70-A36CA4F74BB3}"
EndProject
Project("{FAE04EC0-301F-11D3-BF4B-00C04F79EFBC}") = "xSdk.Extensions.AI", "libs\xSdk.Extensions.AI\src\xSdk.Extensions.AI.csproj", "{28BF601F-D362-458B-BFFB-EFB68E14CCC2}"
EndProject
Project("{FAE04EC0-301F-11D3-BF4B-00C04F79EFBC}") = "xSdk.Extensions.AI.Tests", "libs\xSdk.Extensions.AI\tests\xSdk.Extensions.AI.Tests.csproj", "{2E30FCB7-9AED-AF45-61F3-3E8698A7F9D7}"
EndProject
Project("{FAE04EC0-301F-11D3-BF4B-00C04F79EFBC}") = "Embedding", "demos\ai\embedding\Embedding.csproj", "{85B9AB8C-9F32-4A8E-8E30-8F5AC9D094F0}"
EndProject
Project("{FAE04EC0-301F-11D3-BF4B-00C04F79EFBC}") = "Shared", "demos\ai\shared\Shared\Shared.csproj", "{14654C39-3AA4-44C9-B236-1CE01C2B56F6}"
EndProject
Project("{FAE04EC0-301F-11D3-BF4B-00C04F79EFBC}") = "EntityFramework", "demos\datalayer\entityframework\EntityFramework.csproj", "{126E48EC-6445-4903-BD5A-EC8D3D02B870}"
EndProject
Project("{FAE04EC0-301F-11D3-BF4B-00C04F79EFBC}") = "Flatfile", "demos\datalayer\flatfile\Flatfile.csproj", "{A368C448-4395-4D74-8DF9-335CF0E8DF42}"
EndProject
Project("{FAE04EC0-301F-11D3-BF4B-00C04F79EFBC}") = "MongoDb", "demos\datalayer\mongodb\MongoDb.csproj", "{C699E1A5-52F4-4BCC-BD81-3B02DF2F7B09}"
EndProject
Project("{FAE04EC0-301F-11D3-BF4B-00C04F79EFBC}") = "Vault", "demos\datalayer\vault\Vault.csproj", "{DA82C13D-1DDD-456E-A48C-8C7AF4A81CF3}"
EndProject
Global
	GlobalSection(SolutionConfigurationPlatforms) = preSolution
		Debug|Any CPU = Debug|Any CPU
		Release|Any CPU = Release|Any CPU
	EndGlobalSection
	GlobalSection(ProjectConfigurationPlatforms) = postSolution
		{398E2D47-441A-4117-B812-17B7A989F445}.Debug|Any CPU.ActiveCfg = Debug|Any CPU
		{398E2D47-441A-4117-B812-17B7A989F445}.Debug|Any CPU.Build.0 = Debug|Any CPU
		{398E2D47-441A-4117-B812-17B7A989F445}.Release|Any CPU.ActiveCfg = Release|Any CPU
		{398E2D47-441A-4117-B812-17B7A989F445}.Release|Any CPU.Build.0 = Release|Any CPU
		{2160F6BE-22AB-4072-AB46-B9C504CAA305}.Debug|Any CPU.ActiveCfg = Debug|Any CPU
		{2160F6BE-22AB-4072-AB46-B9C504CAA305}.Debug|Any CPU.Build.0 = Debug|Any CPU
		{2160F6BE-22AB-4072-AB46-B9C504CAA305}.Release|Any CPU.ActiveCfg = Release|Any CPU
		{2160F6BE-22AB-4072-AB46-B9C504CAA305}.Release|Any CPU.Build.0 = Release|Any CPU
		{EC286A05-E3F7-47D1-849B-9CF7D11B3890}.Debug|Any CPU.ActiveCfg = Debug|Any CPU
		{EC286A05-E3F7-47D1-849B-9CF7D11B3890}.Debug|Any CPU.Build.0 = Debug|Any CPU
		{EC286A05-E3F7-47D1-849B-9CF7D11B3890}.Release|Any CPU.ActiveCfg = Release|Any CPU
		{EC286A05-E3F7-47D1-849B-9CF7D11B3890}.Release|Any CPU.Build.0 = Release|Any CPU
		{8FA01CA7-A2B0-4D46-8EFB-F251B2196BAD}.Debug|Any CPU.ActiveCfg = Debug|Any CPU
		{8FA01CA7-A2B0-4D46-8EFB-F251B2196BAD}.Debug|Any CPU.Build.0 = Debug|Any CPU
		{8FA01CA7-A2B0-4D46-8EFB-F251B2196BAD}.Release|Any CPU.ActiveCfg = Release|Any CPU
		{8FA01CA7-A2B0-4D46-8EFB-F251B2196BAD}.Release|Any CPU.Build.0 = Release|Any CPU
		{ABA91A38-98D9-4809-BB71-ADA9665463C3}.Debug|Any CPU.ActiveCfg = Debug|Any CPU
		{ABA91A38-98D9-4809-BB71-ADA9665463C3}.Debug|Any CPU.Build.0 = Debug|Any CPU
		{ABA91A38-98D9-4809-BB71-ADA9665463C3}.Release|Any CPU.ActiveCfg = Release|Any CPU
		{ABA91A38-98D9-4809-BB71-ADA9665463C3}.Release|Any CPU.Build.0 = Release|Any CPU
		{5ADA9914-AFC0-4E56-9410-D9A2DE7FCB02}.Debug|Any CPU.ActiveCfg = Debug|Any CPU
		{5ADA9914-AFC0-4E56-9410-D9A2DE7FCB02}.Debug|Any CPU.Build.0 = Debug|Any CPU
		{5ADA9914-AFC0-4E56-9410-D9A2DE7FCB02}.Release|Any CPU.ActiveCfg = Release|Any CPU
		{5ADA9914-AFC0-4E56-9410-D9A2DE7FCB02}.Release|Any CPU.Build.0 = Release|Any CPU
		{2211A7F7-BC06-4110-A286-33AA0F5A04D2}.Debug|Any CPU.ActiveCfg = Debug|Any CPU
		{2211A7F7-BC06-4110-A286-33AA0F5A04D2}.Debug|Any CPU.Build.0 = Debug|Any CPU
		{2211A7F7-BC06-4110-A286-33AA0F5A04D2}.Release|Any CPU.ActiveCfg = Release|Any CPU
		{2211A7F7-BC06-4110-A286-33AA0F5A04D2}.Release|Any CPU.Build.0 = Release|Any CPU
		{130F3203-E031-4A9B-81EA-97E974978A33}.Debug|Any CPU.ActiveCfg = Debug|Any CPU
		{130F3203-E031-4A9B-81EA-97E974978A33}.Debug|Any CPU.Build.0 = Debug|Any CPU
		{130F3203-E031-4A9B-81EA-97E974978A33}.Release|Any CPU.ActiveCfg = Release|Any CPU
		{130F3203-E031-4A9B-81EA-97E974978A33}.Release|Any CPU.Build.0 = Release|Any CPU
		{A27FBB1F-7B93-4093-AC3D-49F0073457BF}.Debug|Any CPU.ActiveCfg = Debug|Any CPU
		{A27FBB1F-7B93-4093-AC3D-49F0073457BF}.Debug|Any CPU.Build.0 = Debug|Any CPU
		{A27FBB1F-7B93-4093-AC3D-49F0073457BF}.Release|Any CPU.ActiveCfg = Release|Any CPU
		{A27FBB1F-7B93-4093-AC3D-49F0073457BF}.Release|Any CPU.Build.0 = Release|Any CPU
		{8D86FB99-E0B5-430F-B57E-57C1118D0CFF}.Debug|Any CPU.ActiveCfg = Debug|Any CPU
		{8D86FB99-E0B5-430F-B57E-57C1118D0CFF}.Debug|Any CPU.Build.0 = Debug|Any CPU
		{8D86FB99-E0B5-430F-B57E-57C1118D0CFF}.Release|Any CPU.ActiveCfg = Release|Any CPU
		{8D86FB99-E0B5-430F-B57E-57C1118D0CFF}.Release|Any CPU.Build.0 = Release|Any CPU
		{D49489F5-B855-41FF-8FAB-685590A2B535}.Debug|Any CPU.ActiveCfg = Debug|Any CPU
		{D49489F5-B855-41FF-8FAB-685590A2B535}.Debug|Any CPU.Build.0 = Debug|Any CPU
		{D49489F5-B855-41FF-8FAB-685590A2B535}.Release|Any CPU.ActiveCfg = Release|Any CPU
		{D49489F5-B855-41FF-8FAB-685590A2B535}.Release|Any CPU.Build.0 = Release|Any CPU
		{0B78B248-8886-44ED-A1DD-C048D314B833}.Debug|Any CPU.ActiveCfg = Debug|Any CPU
		{0B78B248-8886-44ED-A1DD-C048D314B833}.Debug|Any CPU.Build.0 = Debug|Any CPU
		{0B78B248-8886-44ED-A1DD-C048D314B833}.Release|Any CPU.ActiveCfg = Release|Any CPU
		{0B78B248-8886-44ED-A1DD-C048D314B833}.Release|Any CPU.Build.0 = Release|Any CPU
		{1646EA9A-3D43-40E1-95C8-E749BDD5CA87}.Debug|Any CPU.ActiveCfg = Debug|Any CPU
		{1646EA9A-3D43-40E1-95C8-E749BDD5CA87}.Debug|Any CPU.Build.0 = Debug|Any CPU
		{1646EA9A-3D43-40E1-95C8-E749BDD5CA87}.Release|Any CPU.ActiveCfg = Release|Any CPU
		{1646EA9A-3D43-40E1-95C8-E749BDD5CA87}.Release|Any CPU.Build.0 = Release|Any CPU
		{4D32F769-9038-4364-9396-8616B8E6FD47}.Debug|Any CPU.ActiveCfg = Debug|Any CPU
		{4D32F769-9038-4364-9396-8616B8E6FD47}.Debug|Any CPU.Build.0 = Debug|Any CPU
		{4D32F769-9038-4364-9396-8616B8E6FD47}.Release|Any CPU.ActiveCfg = Release|Any CPU
		{4D32F769-9038-4364-9396-8616B8E6FD47}.Release|Any CPU.Build.0 = Release|Any CPU
		{3AEC1FCB-5EA9-4F74-B2A1-8A0C9A7B6102}.Debug|Any CPU.ActiveCfg = Debug|Any CPU
		{3AEC1FCB-5EA9-4F74-B2A1-8A0C9A7B6102}.Debug|Any CPU.Build.0 = Debug|Any CPU
		{3AEC1FCB-5EA9-4F74-B2A1-8A0C9A7B6102}.Release|Any CPU.ActiveCfg = Release|Any CPU
		{3AEC1FCB-5EA9-4F74-B2A1-8A0C9A7B6102}.Release|Any CPU.Build.0 = Release|Any CPU
		{1FCB90B5-C30E-4112-AB51-EFFF0056B654}.Debug|Any CPU.ActiveCfg = Debug|Any CPU
		{1FCB90B5-C30E-4112-AB51-EFFF0056B654}.Debug|Any CPU.Build.0 = Debug|Any CPU
		{1FCB90B5-C30E-4112-AB51-EFFF0056B654}.Release|Any CPU.ActiveCfg = Release|Any CPU
		{1FCB90B5-C30E-4112-AB51-EFFF0056B654}.Release|Any CPU.Build.0 = Release|Any CPU
		{0D21F833-FC68-4930-92D6-0EA56812200B}.Debug|Any CPU.ActiveCfg = Debug|Any CPU
		{0D21F833-FC68-4930-92D6-0EA56812200B}.Debug|Any CPU.Build.0 = Debug|Any CPU
		{0D21F833-FC68-4930-92D6-0EA56812200B}.Release|Any CPU.ActiveCfg = Release|Any CPU
		{0D21F833-FC68-4930-92D6-0EA56812200B}.Release|Any CPU.Build.0 = Release|Any CPU
		{FFBF3BB8-D410-4EEA-BB02-7ACBBA3A8357}.Debug|Any CPU.ActiveCfg = Debug|Any CPU
		{FFBF3BB8-D410-4EEA-BB02-7ACBBA3A8357}.Debug|Any CPU.Build.0 = Debug|Any CPU
		{FFBF3BB8-D410-4EEA-BB02-7ACBBA3A8357}.Release|Any CPU.ActiveCfg = Release|Any CPU
		{FFBF3BB8-D410-4EEA-BB02-7ACBBA3A8357}.Release|Any CPU.Build.0 = Release|Any CPU
		{6D18A43A-CDB5-47D9-8A1A-683036BAEF8B}.Debug|Any CPU.ActiveCfg = Debug|Any CPU
		{6D18A43A-CDB5-47D9-8A1A-683036BAEF8B}.Debug|Any CPU.Build.0 = Debug|Any CPU
		{6D18A43A-CDB5-47D9-8A1A-683036BAEF8B}.Release|Any CPU.ActiveCfg = Release|Any CPU
		{6D18A43A-CDB5-47D9-8A1A-683036BAEF8B}.Release|Any CPU.Build.0 = Release|Any CPU
		{EEB4F941-0640-4251-A8D7-47113148D15C}.Debug|Any CPU.ActiveCfg = Debug|Any CPU
		{EEB4F941-0640-4251-A8D7-47113148D15C}.Debug|Any CPU.Build.0 = Debug|Any CPU
		{EEB4F941-0640-4251-A8D7-47113148D15C}.Release|Any CPU.ActiveCfg = Release|Any CPU
		{EEB4F941-0640-4251-A8D7-47113148D15C}.Release|Any CPU.Build.0 = Release|Any CPU
		{E3AD9B58-D573-4AF6-A484-D3F2E6C32AAC}.Debug|Any CPU.ActiveCfg = Debug|Any CPU
		{E3AD9B58-D573-4AF6-A484-D3F2E6C32AAC}.Debug|Any CPU.Build.0 = Debug|Any CPU
		{E3AD9B58-D573-4AF6-A484-D3F2E6C32AAC}.Release|Any CPU.ActiveCfg = Release|Any CPU
		{E3AD9B58-D573-4AF6-A484-D3F2E6C32AAC}.Release|Any CPU.Build.0 = Release|Any CPU
		{A842FE8A-69D3-4632-AA03-194748E4318C}.Debug|Any CPU.ActiveCfg = Debug|Any CPU
		{A842FE8A-69D3-4632-AA03-194748E4318C}.Debug|Any CPU.Build.0 = Debug|Any CPU
		{A842FE8A-69D3-4632-AA03-194748E4318C}.Release|Any CPU.ActiveCfg = Release|Any CPU
		{A842FE8A-69D3-4632-AA03-194748E4318C}.Release|Any CPU.Build.0 = Release|Any CPU
		{B7C4015A-AD4B-4A63-AC3E-47B4197BCBD5}.Debug|Any CPU.ActiveCfg = Debug|Any CPU
		{B7C4015A-AD4B-4A63-AC3E-47B4197BCBD5}.Debug|Any CPU.Build.0 = Debug|Any CPU
		{B7C4015A-AD4B-4A63-AC3E-47B4197BCBD5}.Release|Any CPU.ActiveCfg = Release|Any CPU
		{B7C4015A-AD4B-4A63-AC3E-47B4197BCBD5}.Release|Any CPU.Build.0 = Release|Any CPU
		{9C35A693-B1A4-2C50-F9D3-72F1A503146C}.Debug|Any CPU.ActiveCfg = Debug|Any CPU
		{9C35A693-B1A4-2C50-F9D3-72F1A503146C}.Debug|Any CPU.Build.0 = Debug|Any CPU
		{9C35A693-B1A4-2C50-F9D3-72F1A503146C}.Release|Any CPU.ActiveCfg = Release|Any CPU
		{9C35A693-B1A4-2C50-F9D3-72F1A503146C}.Release|Any CPU.Build.0 = Release|Any CPU
		{31310438-E3D0-4861-9996-D4B24A8FF3F1}.Debug|Any CPU.ActiveCfg = Debug|Any CPU
		{31310438-E3D0-4861-9996-D4B24A8FF3F1}.Debug|Any CPU.Build.0 = Debug|Any CPU
		{31310438-E3D0-4861-9996-D4B24A8FF3F1}.Release|Any CPU.ActiveCfg = Release|Any CPU
		{31310438-E3D0-4861-9996-D4B24A8FF3F1}.Release|Any CPU.Build.0 = Release|Any CPU
		{13753187-3110-9BA0-5A86-C7B09223E62D}.Debug|Any CPU.ActiveCfg = Debug|Any CPU
		{13753187-3110-9BA0-5A86-C7B09223E62D}.Debug|Any CPU.Build.0 = Debug|Any CPU
		{13753187-3110-9BA0-5A86-C7B09223E62D}.Release|Any CPU.ActiveCfg = Release|Any CPU
		{13753187-3110-9BA0-5A86-C7B09223E62D}.Release|Any CPU.Build.0 = Release|Any CPU
		{2A12887B-139F-EC24-8122-EED09CD80EB3}.Debug|Any CPU.ActiveCfg = Debug|Any CPU
		{2A12887B-139F-EC24-8122-EED09CD80EB3}.Debug|Any CPU.Build.0 = Debug|Any CPU
		{2A12887B-139F-EC24-8122-EED09CD80EB3}.Release|Any CPU.ActiveCfg = Release|Any CPU
		{2A12887B-139F-EC24-8122-EED09CD80EB3}.Release|Any CPU.Build.0 = Release|Any CPU
		{2AADB9C0-E24F-8A2A-B519-6290E5A2EB77}.Debug|Any CPU.ActiveCfg = Debug|Any CPU
		{2AADB9C0-E24F-8A2A-B519-6290E5A2EB77}.Debug|Any CPU.Build.0 = Debug|Any CPU
		{2AADB9C0-E24F-8A2A-B519-6290E5A2EB77}.Release|Any CPU.ActiveCfg = Release|Any CPU
		{2AADB9C0-E24F-8A2A-B519-6290E5A2EB77}.Release|Any CPU.Build.0 = Release|Any CPU
		{CE2CCD4E-A9FE-43D7-8E1D-1848759AC45F}.Debug|Any CPU.ActiveCfg = Debug|Any CPU
		{CE2CCD4E-A9FE-43D7-8E1D-1848759AC45F}.Debug|Any CPU.Build.0 = Debug|Any CPU
		{CE2CCD4E-A9FE-43D7-8E1D-1848759AC45F}.Release|Any CPU.ActiveCfg = Release|Any CPU
		{CE2CCD4E-A9FE-43D7-8E1D-1848759AC45F}.Release|Any CPU.Build.0 = Release|Any CPU
		{3D0664B0-6587-4316-AE70-A36CA4F74BB3}.Debug|Any CPU.ActiveCfg = Debug|Any CPU
		{3D0664B0-6587-4316-AE70-A36CA4F74BB3}.Debug|Any CPU.Build.0 = Debug|Any CPU
		{3D0664B0-6587-4316-AE70-A36CA4F74BB3}.Release|Any CPU.ActiveCfg = Release|Any CPU
		{3D0664B0-6587-4316-AE70-A36CA4F74BB3}.Release|Any CPU.Build.0 = Release|Any CPU
		{28BF601F-D362-458B-BFFB-EFB68E14CCC2}.Debug|Any CPU.ActiveCfg = Debug|Any CPU
		{28BF601F-D362-458B-BFFB-EFB68E14CCC2}.Debug|Any CPU.Build.0 = Debug|Any CPU
		{28BF601F-D362-458B-BFFB-EFB68E14CCC2}.Release|Any CPU.ActiveCfg = Release|Any CPU
		{28BF601F-D362-458B-BFFB-EFB68E14CCC2}.Release|Any CPU.Build.0 = Release|Any CPU
		{2E30FCB7-9AED-AF45-61F3-3E8698A7F9D7}.Debug|Any CPU.ActiveCfg = Debug|Any CPU
		{2E30FCB7-9AED-AF45-61F3-3E8698A7F9D7}.Debug|Any CPU.Build.0 = Debug|Any CPU
		{2E30FCB7-9AED-AF45-61F3-3E8698A7F9D7}.Release|Any CPU.ActiveCfg = Release|Any CPU
		{2E30FCB7-9AED-AF45-61F3-3E8698A7F9D7}.Release|Any CPU.Build.0 = Release|Any CPU
		{85B9AB8C-9F32-4A8E-8E30-8F5AC9D094F0}.Debug|Any CPU.ActiveCfg = Debug|Any CPU
		{85B9AB8C-9F32-4A8E-8E30-8F5AC9D094F0}.Debug|Any CPU.Build.0 = Debug|Any CPU
		{85B9AB8C-9F32-4A8E-8E30-8F5AC9D094F0}.Release|Any CPU.ActiveCfg = Release|Any CPU
		{85B9AB8C-9F32-4A8E-8E30-8F5AC9D094F0}.Release|Any CPU.Build.0 = Release|Any CPU
		{14654C39-3AA4-44C9-B236-1CE01C2B56F6}.Debug|Any CPU.ActiveCfg = Debug|Any CPU
		{14654C39-3AA4-44C9-B236-1CE01C2B56F6}.Debug|Any CPU.Build.0 = Debug|Any CPU
		{14654C39-3AA4-44C9-B236-1CE01C2B56F6}.Release|Any CPU.ActiveCfg = Release|Any CPU
		{14654C39-3AA4-44C9-B236-1CE01C2B56F6}.Release|Any CPU.Build.0 = Release|Any CPU
		{126E48EC-6445-4903-BD5A-EC8D3D02B870}.Debug|Any CPU.ActiveCfg = Debug|Any CPU
		{126E48EC-6445-4903-BD5A-EC8D3D02B870}.Debug|Any CPU.Build.0 = Debug|Any CPU
		{126E48EC-6445-4903-BD5A-EC8D3D02B870}.Release|Any CPU.ActiveCfg = Release|Any CPU
		{126E48EC-6445-4903-BD5A-EC8D3D02B870}.Release|Any CPU.Build.0 = Release|Any CPU
		{A368C448-4395-4D74-8DF9-335CF0E8DF42}.Debug|Any CPU.ActiveCfg = Debug|Any CPU
		{A368C448-4395-4D74-8DF9-335CF0E8DF42}.Debug|Any CPU.Build.0 = Debug|Any CPU
		{A368C448-4395-4D74-8DF9-335CF0E8DF42}.Release|Any CPU.ActiveCfg = Release|Any CPU
		{A368C448-4395-4D74-8DF9-335CF0E8DF42}.Release|Any CPU.Build.0 = Release|Any CPU
		{C699E1A5-52F4-4BCC-BD81-3B02DF2F7B09}.Debug|Any CPU.ActiveCfg = Debug|Any CPU
		{C699E1A5-52F4-4BCC-BD81-3B02DF2F7B09}.Debug|Any CPU.Build.0 = Debug|Any CPU
		{C699E1A5-52F4-4BCC-BD81-3B02DF2F7B09}.Release|Any CPU.ActiveCfg = Release|Any CPU
		{C699E1A5-52F4-4BCC-BD81-3B02DF2F7B09}.Release|Any CPU.Build.0 = Release|Any CPU
		{DA82C13D-1DDD-456E-A48C-8C7AF4A81CF3}.Debug|Any CPU.ActiveCfg = Debug|Any CPU
		{DA82C13D-1DDD-456E-A48C-8C7AF4A81CF3}.Debug|Any CPU.Build.0 = Debug|Any CPU
		{DA82C13D-1DDD-456E-A48C-8C7AF4A81CF3}.Release|Any CPU.ActiveCfg = Release|Any CPU
		{DA82C13D-1DDD-456E-A48C-8C7AF4A81CF3}.Release|Any CPU.Build.0 = Release|Any CPU
	EndGlobalSection
	GlobalSection(SolutionProperties) = preSolution
		HideSolutionNode = FALSE
	EndGlobalSection
	GlobalSection(NestedProjects) = preSolution
		{B5C32B03-74E0-4946-A33B-53C54CF4B7B7} = {24BCD6B4-C965-4F23-AABD-5B6CBAA21A36}
		{BDA9654F-3F8B-43D5-AC08-F6FC78472136} = {24BCD6B4-C965-4F23-AABD-5B6CBAA21A36}
		{9C6309E2-5648-4297-AF76-2C6659EFAAF4} = {428CC531-D0C3-475C-ADF1-4823DD90A49F}
		{6FE5E729-2235-4E27-93C4-202875459083} = {428CC531-D0C3-475C-ADF1-4823DD90A49F}
		{FF388FAE-081B-4CE1-9E5A-68EE75EA1CBC} = {428CC531-D0C3-475C-ADF1-4823DD90A49F}
		{398E2D47-441A-4117-B812-17B7A989F445} = {9C6309E2-5648-4297-AF76-2C6659EFAAF4}
		{2160F6BE-22AB-4072-AB46-B9C504CAA305} = {6FE5E729-2235-4E27-93C4-202875459083}
		{EC286A05-E3F7-47D1-849B-9CF7D11B3890} = {6FE5E729-2235-4E27-93C4-202875459083}
		{8FA01CA7-A2B0-4D46-8EFB-F251B2196BAD} = {BDA9654F-3F8B-43D5-AC08-F6FC78472136}
		{ABA91A38-98D9-4809-BB71-ADA9665463C3} = {B5C32B03-74E0-4946-A33B-53C54CF4B7B7}
		{5ADA9914-AFC0-4E56-9410-D9A2DE7FCB02} = {F619CF26-65CB-4E60-8DD2-72E174839FCD}
		{F619CF26-65CB-4E60-8DD2-72E174839FCD} = {24BCD6B4-C965-4F23-AABD-5B6CBAA21A36}
		{2853C73C-9312-4D8A-A2DA-B624E868FED4} = {24BCD6B4-C965-4F23-AABD-5B6CBAA21A36}
		{2211A7F7-BC06-4110-A286-33AA0F5A04D2} = {2853C73C-9312-4D8A-A2DA-B624E868FED4}
		{130F3203-E031-4A9B-81EA-97E974978A33} = {2853C73C-9312-4D8A-A2DA-B624E868FED4}
		{DA7FFC51-C7FB-473F-B855-DC1170B069B0} = {24BCD6B4-C965-4F23-AABD-5B6CBAA21A36}
		{A27FBB1F-7B93-4093-AC3D-49F0073457BF} = {DA7FFC51-C7FB-473F-B855-DC1170B069B0}
		{8D86FB99-E0B5-430F-B57E-57C1118D0CFF} = {6FE5E729-2235-4E27-93C4-202875459083}
		{D49489F5-B855-41FF-8FAB-685590A2B535} = {9C6309E2-5648-4297-AF76-2C6659EFAAF4}
		{0B78B248-8886-44ED-A1DD-C048D314B833} = {9C6309E2-5648-4297-AF76-2C6659EFAAF4}
		{1646EA9A-3D43-40E1-95C8-E749BDD5CA87} = {FF388FAE-081B-4CE1-9E5A-68EE75EA1CBC}
		{4D32F769-9038-4364-9396-8616B8E6FD47} = {FF388FAE-081B-4CE1-9E5A-68EE75EA1CBC}
		{3AEC1FCB-5EA9-4F74-B2A1-8A0C9A7B6102} = {9C6309E2-5648-4297-AF76-2C6659EFAAF4}
		{1FCB90B5-C30E-4112-AB51-EFFF0056B654} = {6FE5E729-2235-4E27-93C4-202875459083}
		{0D21F833-FC68-4930-92D6-0EA56812200B} = {6FE5E729-2235-4E27-93C4-202875459083}
		{FFBF3BB8-D410-4EEA-BB02-7ACBBA3A8357} = {9C6309E2-5648-4297-AF76-2C6659EFAAF4}
		{6D18A43A-CDB5-47D9-8A1A-683036BAEF8B} = {FF388FAE-081B-4CE1-9E5A-68EE75EA1CBC}
		{EEB4F941-0640-4251-A8D7-47113148D15C} = {6FE5E729-2235-4E27-93C4-202875459083}
		{E3AD9B58-D573-4AF6-A484-D3F2E6C32AAC} = {FF388FAE-081B-4CE1-9E5A-68EE75EA1CBC}
		{A842FE8A-69D3-4632-AA03-194748E4318C} = {FF388FAE-081B-4CE1-9E5A-68EE75EA1CBC}
		{B7C4015A-AD4B-4A63-AC3E-47B4197BCBD5} = {6FE5E729-2235-4E27-93C4-202875459083}
		{9C35A693-B1A4-2C50-F9D3-72F1A503146C} = {6FE5E729-2235-4E27-93C4-202875459083}
		{9892091D-941A-426D-8F90-4AB032727CEE} = {24BCD6B4-C965-4F23-AABD-5B6CBAA21A36}
		{31310438-E3D0-4861-9996-D4B24A8FF3F1} = {9892091D-941A-426D-8F90-4AB032727CEE}
		{13753187-3110-9BA0-5A86-C7B09223E62D} = {9C6309E2-5648-4297-AF76-2C6659EFAAF4}
		{2A12887B-139F-EC24-8122-EED09CD80EB3} = {FF388FAE-081B-4CE1-9E5A-68EE75EA1CBC}
		{2AADB9C0-E24F-8A2A-B519-6290E5A2EB77} = {FF388FAE-081B-4CE1-9E5A-68EE75EA1CBC}
		{CE2CCD4E-A9FE-43D7-8E1D-1848759AC45F} = {FF388FAE-081B-4CE1-9E5A-68EE75EA1CBC}
		{055EF480-D076-4C53-9CA4-49A7DBE66D37} = {24BCD6B4-C965-4F23-AABD-5B6CBAA21A36}
		{3D0664B0-6587-4316-AE70-A36CA4F74BB3} = {055EF480-D076-4C53-9CA4-49A7DBE66D37}
		{28BF601F-D362-458B-BFFB-EFB68E14CCC2} = {FF388FAE-081B-4CE1-9E5A-68EE75EA1CBC}
		{2E30FCB7-9AED-AF45-61F3-3E8698A7F9D7} = {FF388FAE-081B-4CE1-9E5A-68EE75EA1CBC}
		{85B9AB8C-9F32-4A8E-8E30-8F5AC9D094F0} = {055EF480-D076-4C53-9CA4-49A7DBE66D37}
		{14654C39-3AA4-44C9-B236-1CE01C2B56F6} = {055EF480-D076-4C53-9CA4-49A7DBE66D37}
		{126E48EC-6445-4903-BD5A-EC8D3D02B870} = {F619CF26-65CB-4E60-8DD2-72E174839FCD}
		{A368C448-4395-4D74-8DF9-335CF0E8DF42} = {F619CF26-65CB-4E60-8DD2-72E174839FCD}
		{C699E1A5-52F4-4BCC-BD81-3B02DF2F7B09} = {F619CF26-65CB-4E60-8DD2-72E174839FCD}
		{DA82C13D-1DDD-456E-A48C-8C7AF4A81CF3} = {F619CF26-65CB-4E60-8DD2-72E174839FCD}
	EndGlobalSection
	GlobalSection(ExtensibilityGlobals) = postSolution
		SolutionGuid = {616C08C6-30E9-451B-898B-4DBD57867C0A}
	EndGlobalSection
EndGlobal
